lockfileVersion: '6.0'

settings:
  autoInstallPeers: true
  excludeLinksFromLockfile: false

importers:

  .:
    dependencies:
      turbo:
        specifier: ^1.10.7
        version: 1.10.7

  libraries/lib-a:
    dependencies:
      lib-b:
        specifier: workspace:^
        version: file:libraries/lib-b
    dependenciesMeta:
      lib-b:
        injected: true

  libraries/lib-b: {}

packages:

  /turbo-darwin-64@1.10.7:
    resolution: {integrity: sha512-N2MNuhwrl6g7vGuz4y3fFG2aR1oCs0UZ5HKl8KSTn/VC2y2YIuLGedQ3OVbo0TfEvygAlF3QGAAKKtOCmGPNKA==}
    requiresBuild: true
    dev: false
    optional: true

  /turbo-darwin-arm64@1.10.7:
    resolution: {integrity: sha512-WbJkvjU+6qkngp7K4EsswOriO3xrNQag7YEGRtfLoDdMTk4O4QTeU6sfg2dKfDsBpTidTvEDwgIYJhYVGzrz9Q==}
    requiresBuild: true
    dev: false
    optional: true

  /turbo-linux-64@1.10.7:
    resolution: {integrity: sha512-x1CF2CDP1pDz/J8/B2T0hnmmOQI2+y11JGIzNP0KtwxDM7rmeg3DDTtDM/9PwGqfPotN9iVGgMiMvBuMFbsLhg==}
    requiresBuild: true
    dev: false
    optional: true

  /turbo-linux-arm64@1.10.7:
    resolution: {integrity: sha512-JtnBmaBSYbs7peJPkXzXxsRGSGBmBEIb6/kC8RRmyvPAMyqF8wIex0pttsI+9plghREiGPtRWv/lfQEPRlXnNQ==}
    requiresBuild: true
    dev: false
    optional: true

  /turbo-windows-64@1.10.7:
    resolution: {integrity: sha512-7A/4CByoHdolWS8dg3DPm99owfu1aY/W0V0+KxFd0o2JQMTQtoBgIMSvZesXaWM57z3OLsietFivDLQPuzE75w==}
    requiresBuild: true
    dev: false
    optional: true

  /turbo-windows-arm64@1.10.7:
    resolution: {integrity: sha512-D36K/3b6+hqm9IBAymnuVgyePktwQ+F0lSXr2B9JfAdFPBktSqGmp50JNC7pahxhnuCLj0Vdpe9RqfnJw5zATA==}
    requiresBuild: true
    dev: false
    optional: true

  /turbo@1.10.7:
    resolution: {integrity: sha512-xm0MPM28TWx1e6TNC3wokfE5eaDqlfi0G24kmeHupDUZt5Wd0OzHFENEHMPqEaNKJ0I+AMObL6nbSZonZBV2HA==}
    hasBin: true
    requiresBuild: true
    optionalDependencies:
      turbo-darwin-64: 1.10.7
      turbo-darwin-arm64: 1.10.7
      turbo-linux-64: 1.10.7
      turbo-linux-arm64: 1.10.7
      turbo-windows-64: 1.10.7
      turbo-windows-arm64: 1.10.7
    dev: false

  file:libraries/lib-b:
    resolution: {directory: libraries/lib-b, type: directory}
    name: lib-b
    version: 1.0.0
    dev: false
